// !$*UTF8*$!
{
	archiveVersion = 1;
	classes = {
	};
	objectVersion = 56;
	objects = {

/* Begin PBXBuildFile section */
		24152321AEC1FE07865F1F55 /* Pods_FourSquareClone.framework in Frameworks */ = {isa = PBXBuildFile; fileRef = D48FFE2CB17D033E6F773A51 /* Pods_FourSquareClone.framework */; };
		9733DCDD2AB8635600571486 /* SignupViewController.swift in Sources */ = {isa = PBXBuildFile; fileRef = 9733DCDC2AB8635600571486 /* SignupViewController.swift */; };
		9733DCE12AB9807C00571486 /* AlertManager.swift in Sources */ = {isa = PBXBuildFile; fileRef = 9733DCE02AB9807C00571486 /* AlertManager.swift */; };
		9733DCE32AB9883D00571486 /* PlacesViewController.swift in Sources */ = {isa = PBXBuildFile; fileRef = 9733DCE22AB9883D00571486 /* PlacesViewController.swift */; };
		979C413C2ABB427B009F304B /* MapViewController.swift in Sources */ = {isa = PBXBuildFile; fileRef = 979C413B2ABB427B009F304B /* MapViewController.swift */; };
		97B92AE32ABA33B000340B81 /* AddNewPlaceViewController.swift in Sources */ = {isa = PBXBuildFile; fileRef = 97B92AE22ABA33B000340B81 /* AddNewPlaceViewController.swift */; };
		97D6335E2AB78ABF0066990A /* AppDelegate.swift in Sources */ = {isa = PBXBuildFile; fileRef = 97D6335D2AB78ABF0066990A /* AppDelegate.swift */; };
		97D633602AB78ABF0066990A /* SceneDelegate.swift in Sources */ = {isa = PBXBuildFile; fileRef = 97D6335F2AB78ABF0066990A /* SceneDelegate.swift */; };
		97D633622AB78ABF0066990A /* LoginViewController.swift in Sources */ = {isa = PBXBuildFile; fileRef = 97D633612AB78ABF0066990A /* LoginViewController.swift */; };
		97D633652AB78ABF0066990A /* Main.storyboard in Resources */ = {isa = PBXBuildFile; fileRef = 97D633632AB78ABF0066990A /* Main.storyboard */; };
		97D633672AB78AC00066990A /* Assets.xcassets in Resources */ = {isa = PBXBuildFile; fileRef = 97D633662AB78AC00066990A /* Assets.xcassets */; };
		97D6336A2AB78AC00066990A /* LaunchScreen.storyboard in Resources */ = {isa = PBXBuildFile; fileRef = 97D633682AB78AC00066990A /* LaunchScreen.storyboard */; };
/* End PBXBuildFile section */

/* Begin PBXFileReference section */
		573FACB3839C07CC76985BC2 /* Pods-FourSquareClone.debug.xcconfig */ = {isa = PBXFileReference; includeInIndex = 1; lastKnownFileType = text.xcconfig; name = "Pods-FourSquareClone.debug.xcconfig"; path = "Target Support Files/Pods-FourSquareClone/Pods-FourSquareClone.debug.xcconfig"; sourceTree = "<group>"; };
		9733DCDC2AB8635600571486 /* SignupViewController.swift */ = {isa = PBXFileReference; lastKnownFileType = sourcecode.swift; path = SignupViewController.swift; sourceTree = "<group>"; };
		9733DCE02AB9807C00571486 /* AlertManager.swift */ = {isa = PBXFileReference; lastKnownFileType = sourcecode.swift; path = AlertManager.swift; sourceTree = "<group>"; };
		9733DCE22AB9883D00571486 /* PlacesViewController.swift */ = {isa = PBXFileReference; lastKnownFileType = sourcecode.swift; path = PlacesViewController.swift; sourceTree = "<group>"; };
		979C413B2ABB427B009F304B /* MapViewController.swift */ = {isa = PBXFileReference; lastKnownFileType = sourcecode.swift; path = MapViewController.swift; sourceTree = "<group>"; };
		97B92AE22ABA33B000340B81 /* AddNewPlaceViewController.swift */ = {isa = PBXFileReference; lastKnownFileType = sourcecode.swift; path = AddNewPlaceViewController.swift; sourceTree = "<group>"; };
		97D6335A2AB78ABF0066990A /* FourSquareClone.app */ = {isa = PBXFileReference; explicitFileType = wrapper.application; includeInIndex = 0; path = FourSquareClone.app; sourceTree = BUILT_PRODUCTS_DIR; };
		97D6335D2AB78ABF0066990A /* AppDelegate.swift */ = {isa = PBXFileReference; lastKnownFileType = sourcecode.swift; path = AppDelegate.swift; sourceTree = "<group>"; };
		97D6335F2AB78ABF0066990A /* SceneDelegate.swift */ = {isa = PBXFileReference; lastKnownFileType = sourcecode.swift; path = SceneDelegate.swift; sourceTree = "<group>"; };
		97D633612AB78ABF0066990A /* LoginViewController.swift */ = {isa = PBXFileReference; lastKnownFileType = sourcecode.swift; path = LoginViewController.swift; sourceTree = "<group>"; };
		97D633642AB78ABF0066990A /* Base */ = {isa = PBXFileReference; lastKnownFileType = file.storyboard; name = Base; path = Base.lproj/Main.storyboard; sourceTree = "<group>"; };
		97D633662AB78AC00066990A /* Assets.xcassets */ = {isa = PBXFileReference; lastKnownFileType = folder.assetcatalog; path = Assets.xcassets; sourceTree = "<group>"; };
		97D633692AB78AC00066990A /* Base */ = {isa = PBXFileReference; lastKnownFileType = file.storyboard; name = Base; path = Base.lproj/LaunchScreen.storyboard; sourceTree = "<group>"; };
		97D6336B2AB78AC00066990A /* Info.plist */ = {isa = PBXFileReference; lastKnownFileType = text.plist.xml; path = Info.plist; sourceTree = "<group>"; };
		CB8B302CA923CE87D7CFA154 /* Pods-FourSquareClone.release.xcconfig */ = {isa = PBXFileReference; includeInIndex = 1; lastKnownFileType = text.xcconfig; name = "Pods-FourSquareClone.release.xcconfig"; path = "Target Support Files/Pods-FourSquareClone/Pods-FourSquareClone.release.xcconfig"; sourceTree = "<group>"; };
		D48FFE2CB17D033E6F773A51 /* Pods_FourSquareClone.framework */ = {isa = PBXFileReference; explicitFileType = wrapper.framework; includeInIndex = 0; path = Pods_FourSquareClone.framework; sourceTree = BUILT_PRODUCTS_DIR; };
/* End PBXFileReference section */

/* Begin PBXFrameworksBuildPhase section */
		97D633572AB78ABF0066990A /* Frameworks */ = {
			isa = PBXFrameworksBuildPhase;
			buildActionMask = 2147483647;
			files = (
				24152321AEC1FE07865F1F55 /* Pods_FourSquareClone.framework in Frameworks */,
			);
			runOnlyForDeploymentPostprocessing = 0;
		};
/* End PBXFrameworksBuildPhase section */

/* Begin PBXGroup section */
		3398753F9594B4C6256F74C8 /* Pods */ = {
			isa = PBXGroup;
			children = (
				573FACB3839C07CC76985BC2 /* Pods-FourSquareClone.debug.xcconfig */,
				CB8B302CA923CE87D7CFA154 /* Pods-FourSquareClone.release.xcconfig */,
			);
			path = Pods;
			sourceTree = "<group>";
		};
		97D633512AB78ABF0066990A = {
			isa = PBXGroup;
			children = (
				97D6335C2AB78ABF0066990A /* FourSquareClone */,
				97D6335B2AB78ABF0066990A /* Products */,
				3398753F9594B4C6256F74C8 /* Pods */,
				A7CC89E76EE318EF0985CEE2 /* Frameworks */,
			);
			sourceTree = "<group>";
		};
		97D6335B2AB78ABF0066990A /* Products */ = {
			isa = PBXGroup;
			children = (
				97D6335A2AB78ABF0066990A /* FourSquareClone.app */,
			);
			name = Products;
			sourceTree = "<group>";
		};
		97D6335C2AB78ABF0066990A /* FourSquareClone */ = {
			isa = PBXGroup;
			children = (
				9733DCE02AB9807C00571486 /* AlertManager.swift */,
				97D6335D2AB78ABF0066990A /* AppDelegate.swift */,
				97D6335F2AB78ABF0066990A /* SceneDelegate.swift */,
				97D633612AB78ABF0066990A /* LoginViewController.swift */,
				9733DCDC2AB8635600571486 /* SignupViewController.swift */,
				9733DCE22AB9883D00571486 /* PlacesViewController.swift */,
				97B92AE22ABA33B000340B81 /* AddNewPlaceViewController.swift */,
				979C413B2ABB427B009F304B /* MapViewController.swift */,
				97D633632AB78ABF0066990A /* Main.storyboard */,
				97D633662AB78AC00066990A /* Assets.xcassets */,
				97D633682AB78AC00066990A /* LaunchScreen.storyboard */,
				97D6336B2AB78AC00066990A /* Info.plist */,
			);
			path = FourSquareClone;
			sourceTree = "<group>";
		};
		A7CC89E76EE318EF0985CEE2 /* Frameworks */ = {
			isa = PBXGroup;
			children = (
				D48FFE2CB17D033E6F773A51 /* Pods_FourSquareClone.framework */,
			);
			name = Frameworks;
			sourceTree = "<group>";
		};
/* End PBXGroup section */

/* Begin PBXNativeTarget section */
		97D633592AB78ABF0066990A /* FourSquareClone */ = {
			isa = PBXNativeTarget;
			buildConfigurationList = 97D6336E2AB78AC00066990A /* Build configuration list for PBXNativeTarget "FourSquareClone" */;
			buildPhases = (
				A9B8F8802447E5044E358431 /* [CP] Check Pods Manifest.lock */,
				97D633562AB78ABF0066990A /* Sources */,
				97D633572AB78ABF0066990A /* Frameworks */,
				97D633582AB78ABF0066990A /* Resources */,
				45C049B2F2F0297D49307486 /* [CP] Embed Pods Frameworks */,
			);
			buildRules = (
			);
			dependencies = (
			);
			name = FourSquareClone;
			productName = FourSquareClone;
			productReference = 97D6335A2AB78ABF0066990A /* FourSquareClone.app */;
			productType = "com.apple.product-type.application";
		};
/* End PBXNativeTarget section */

/* Begin PBXProject section */
		97D633522AB78ABF0066990A /* Project object */ = {
			isa = PBXProject;
			attributes = {
				BuildIndependentTargetsInParallel = 1;
				LastSwiftUpdateCheck = 1430;
				LastUpgradeCheck = 1430;
				TargetAttributes = {
					97D633592AB78ABF0066990A = {
						CreatedOnToolsVersion = 14.3.1;
					};
				};
			};
			buildConfigurationList = 97D633552AB78ABF0066990A /* Build configuration list for PBXProject "FourSquareClone" */;
			compatibilityVersion = "Xcode 14.0";
			developmentRegion = en;
			hasScannedForEncodings = 0;
			knownRegions = (
				en,
				Base,
			);
			mainGroup = 97D633512AB78ABF0066990A;
			productRefGroup = 97D6335B2AB78ABF0066990A /* Products */;
			projectDirPath = "";
			projectRoot = "";
			targets = (
				97D633592AB78ABF0066990A /* FourSquareClone */,
			);
		};
/* End PBXProject section */

/* Begin PBXResourcesBuildPhase section */
		97D633582AB78ABF0066990A /* Resources */ = {
			isa = PBXResourcesBuildPhase;
			buildActionMask = 2147483647;
			files = (
				97D6336A2AB78AC00066990A /* LaunchScreen.storyboard in Resources */,
				97D633672AB78AC00066990A /* Assets.xcassets in Resources */,
				97D633652AB78ABF0066990A /* Main.storyboard in Resources */,
			);
			runOnlyForDeploymentPostprocessing = 0;
		};
/* End PBXResourcesBuildPhase section */

/* Begin PBXShellScriptBuildPhase section */
		45C049B2F2F0297D49307486 /* [CP] Embed Pods Frameworks */ = {
			isa = PBXShellScriptBuildPhase;
			buildActionMask = 2147483647;
			files = (
			);
			inputFileListPaths = (
				"${PODS_ROOT}/Target Support Files/Pods-FourSquareClone/Pods-FourSquareClone-frameworks-${CONFIGURATION}-input-files.xcfilelist",
			);
			name = "[CP] Embed Pods Frameworks";
			outputFileListPaths = (
				"${PODS_ROOT}/Target Support Files/Pods-FourSquareClone/Pods-FourSquareClone-frameworks-${CONFIGURATION}-output-files.xcfilelist",
			);
			runOnlyForDeploymentPostprocessing = 0;
			shellPath = /bin/sh;
			shellScript = "\"${PODS_ROOT}/Target Support Files/Pods-FourSquareClone/Pods-FourSquareClone-frameworks.sh\"\n";
			showEnvVarsInLog = 0;
		};
		A9B8F8802447E5044E358431 /* [CP] Check Pods Manifest.lock */ = {
			isa = PBXShellScriptBuildPhase;
			buildActionMask = 2147483647;
			files = (
			);
			inputFileListPaths = (
			);
			inputPaths = (
				"${PODS_PODFILE_DIR_PATH}/Podfile.lock",
				"${PODS_ROOT}/Manifest.lock",
			);
			name = "[CP] Check Pods Manifest.lock";
			outputFileListPaths = (
			);
			outputPaths = (
				"$(DERIVED_FILE_DIR)/Pods-FourSquareClone-checkManifestLockResult.txt",
			);
			runOnlyForDeploymentPostprocessing = 0;
			shellPath = /bin/sh;
			shellScript = "diff \"${PODS_PODFILE_DIR_PATH}/Podfile.lock\" \"${PODS_ROOT}/Manifest.lock\" > /dev/null\nif [ $? != 0 ] ; then\n    # print error to STDERR\n    echo \"error: The sandbox is not in sync with the Podfile.lock. Run 'pod install' or update your CocoaPods installation.\" >&2\n    exit 1\nfi\n# This output is used by Xcode 'outputs' to avoid re-running this script phase.\necho \"SUCCESS\" > \"${SCRIPT_OUTPUT_FILE_0}\"\n";
			showEnvVarsInLog = 0;
		};
/* End PBXShellScriptBuildPhase section */

/* Begin PBXSourcesBuildPhase section */
		97D633562AB78ABF0066990A /* Sources */ = {
			isa = PBXSourcesBuildPhase;
			buildActionMask = 2147483647;
			files = (
				9733DCE32AB9883D00571486 /* PlacesViewController.swift in Sources */,
				97D633622AB78ABF0066990A /* LoginViewController.swift in Sources */,
				97D6335E2AB78ABF0066990A /* AppDelegate.swift in Sources */,
				97B92AE32ABA33B000340B81 /* AddNewPlaceViewController.swift in Sources */,
				9733DCE12AB9807C00571486 /* AlertManager.swift in Sources */,
				9733DCDD2AB8635600571486 /* SignupViewController.swift in Sources */,
				97D633602AB78ABF0066990A /* SceneDelegate.swift in Sources */,
				979C413C2ABB427B009F304B /* MapViewController.swift in Sources */,
			);
			runOnlyForDeploymentPostprocessing = 0;
		};
/* End PBXSourcesBuildPhase section */

/* Begin PBXVariantGroup section */
		97D633632AB78ABF0066990A /* Main.storyboard */ = {
			isa = PBXVariantGroup;
			children = (
				97D633642AB78ABF0066990A /* Base */,
			);
			name = Main.storyboard;
			sourceTree = "<group>";
		};
		97D633682AB78AC00066990A /* LaunchScreen.storyboard */ = {
			isa = PBXVariantGroup;
			children = (
				97D633692AB78AC00066990A /* Base */,
			);
			name = LaunchScreen.storyboard;
			sourceTree = "<group>";
		};
/* End PBXVariantGroup section */

/* Begin XCBuildConfiguration section */
		97D6336C2AB78AC00066990A /* Debug */ = {
			isa = XCBuildConfiguration;
			buildSettings = {
				ALWAYS_SEARCH_USER_PATHS = NO;
				CLANG_ANALYZER_NONNULL = YES;
				CLANG_ANALYZER_NUMBER_OBJECT_CONVERSION = YES_AGGRESSIVE;
				CLANG_CXX_LANGUAGE_STANDARD = "gnu++20";
				CLANG_ENABLE_MODULES = YES;
				CLANG_ENABLE_OBJC_ARC = YES;
				CLANG_ENABLE_OBJC_WEAK = YES;
				CLANG_WARN_BLOCK_CAPTURE_AUTORELEASING = YES;
				CLANG_WARN_BOOL_CONVERSION = YES;
				CLANG_WARN_COMMA = YES;
				CLANG_WARN_CONSTANT_CONVERSION = YES;
				CLANG_WARN_DEPRECATED_OBJC_IMPLEMENTATIONS = YES;
				CLANG_WARN_DIRECT_OBJC_ISA_USAGE = YES_ERROR;
				CLANG_WARN_DOCUMENTATION_COMMENTS = YES;
				CLANG_WARN_EMPTY_BODY = YES;
				CLANG_WARN_ENUM_CONVERSION = YES;
				CLANG_WARN_INFINITE_RECURSION = YES;
				CLANG_WARN_INT_CONVERSION = YES;
				CLANG_WARN_NON_LITERAL_NULL_CONVERSION = YES;
				CLANG_WARN_OBJC_IMPLICIT_RETAIN_SELF = YES;
				CLANG_WARN_OBJC_LITERAL_CONVERSION = YES;
				CLANG_WARN_OBJC_ROOT_CLASS = YES_ERROR;
				CLANG_WARN_QUOTED_INCLUDE_IN_FRAMEWORK_HEADER = YES;
				CLANG_WARN_RANGE_LOOP_ANALYSIS = YES;
				CLANG_WARN_STRICT_PROTOTYPES = YES;
				CLANG_WARN_SUSPICIOUS_MOVE = YES;
				CLANG_WARN_UNGUARDED_AVAILABILITY = YES_AGGRESSIVE;
				CLANG_WARN_UNREACHABLE_CODE = YES;
				CLANG_WARN__DUPLICATE_METHOD_MATCH = YES;
				COPY_PHASE_STRIP = NO;
				DEBUG_INFORMATION_FORMAT = dwarf;
				ENABLE_STRICT_OBJC_MSGSEND = YES;
				ENABLE_TESTABILITY = YES;
				GCC_C_LANGUAGE_STANDARD = gnu11;
				GCC_DYNAMIC_NO_PIC = NO;
				GCC_NO_COMMON_BLOCKS = YES;
				GCC_OPTIMIZATION_LEVEL = 0;
				GCC_PREPROCESSOR_DEFINITIONS = (
					"DEBUG=1",
					"$(inherited)",
				);
				GCC_WARN_64_TO_32_BIT_CONVERSION = YES;
				GCC_WARN_ABOUT_RETURN_TYPE = YES_ERROR;
				GCC_WARN_UNDECLARED_SELECTOR = YES;
				GCC_WARN_UNINITIALIZED_AUTOS = YES_AGGRESSIVE;
				GCC_WARN_UNUSED_FUNCTION = YES;
				GCC_WARN_UNUSED_VARIABLE = YES;
				IPHONEOS_DEPLOYMENT_TARGET = 16.4;
				MTL_ENABLE_DEBUG_INFO = INCLUDE_SOURCE;
				MTL_FAST_MATH = YES;
				ONLY_ACTIVE_ARCH = YES;
				SDKROOT = iphoneos;
				SWIFT_ACTIVE_COMPILATION_CONDITIONS = DEBUG;
				SWIFT_OPTIMIZATION_LEVEL = "-Onone";
			};
			name = Debug;
		};
		97D6336D2AB78AC00066990A /* Release */ = {
			isa = XCBuildConfiguration;
			buildSettings = {
				ALWAYS_SEARCH_USER_PATHS = NO;
				CLANG_ANALYZER_NONNULL = YES;
				CLANG_ANALYZER_NUMBER_OBJECT_CONVERSION = YES_AGGRESSIVE;
				CLANG_CXX_LANGUAGE_STANDARD = "gnu++20";
				CLANG_ENABLE_MODULES = YES;
				CLANG_ENABLE_OBJC_ARC = YES;
				CLANG_ENABLE_OBJC_WEAK = YES;
				CLANG_WARN_BLOCK_CAPTURE_AUTORELEASING = YES;
				CLANG_WARN_BOOL_CONVERSION = YES;
				CLANG_WARN_COMMA = YES;
				CLANG_WARN_CONSTANT_CONVERSION = YES;
				CLANG_WARN_DEPRECATED_OBJC_IMPLEMENTATIONS = YES;
				CLANG_WARN_DIRECT_OBJC_ISA_USAGE = YES_ERROR;
				CLANG_WARN_DOCUMENTATION_COMMENTS = YES;
				CLANG_WARN_EMPTY_BODY = YES;
				CLANG_WARN_ENUM_CONVERSION = YES;
				CLANG_WARN_INFINITE_RECURSION = YES;
				CLANG_WARN_INT_CONVERSION = YES;
				CLANG_WARN_NON_LITERAL_NULL_CONVERSION = YES;
				CLANG_WARN_OBJC_IMPLICIT_RETAIN_SELF = YES;
				CLANG_WARN_OBJC_LITERAL_CONVERSION = YES;
				CLANG_WARN_OBJC_ROOT_CLASS = YES_ERROR;
				CLANG_WARN_QUOTED_INCLUDE_IN_FRAMEWORK_HEADER = YES;
				CLANG_WARN_RANGE_LOOP_ANALYSIS = YES;
				CLANG_WARN_STRICT_PROTOTYPES = YES;
				CLANG_WARN_SUSPICIOUS_MOVE = YES;
				CLANG_WARN_UNGUARDED_AVAILABILITY = YES_AGGRESSIVE;
				CLANG_WARN_UNREACHABLE_CODE = YES;
				CLANG_WARN__DUPLICATE_METHOD_MATCH = YES;
				COPY_PHASE_STRIP = NO;
				DEBUG_INFORMATION_FORMAT = "dwarf-with-dsym";
				ENABLE_NS_ASSERTIONS = NO;
				ENABLE_STRICT_OBJC_MSGSEND = YES;
				GCC_C_LANGUAGE_STANDARD = gnu11;
				GCC_NO_COMMON_BLOCKS = YES;
				GCC_WARN_64_TO_32_BIT_CONVERSION = YES;
				GCC_WARN_ABOUT_RETURN_TYPE = YES_ERROR;
				GCC_WARN_UNDECLARED_SELECTOR = YES;
				GCC_WARN_UNINITIALIZED_AUTOS = YES_AGGRESSIVE;
				GCC_WARN_UNUSED_FUNCTION = YES;
				GCC_WARN_UNUSED_VARIABLE = YES;
				IPHONEOS_DEPLOYMENT_TARGET = 16.4;
				MTL_ENABLE_DEBUG_INFO = NO;
				MTL_FAST_MATH = YES;
				SDKROOT = iphoneos;
				SWIFT_COMPILATION_MODE = wholemodule;
				SWIFT_OPTIMIZATION_LEVEL = "-O";
				VALIDATE_PRODUCT = YES;
			};
			name = Release;
		};
		97D6336F2AB78AC00066990A /* Debug */ = {
			isa = XCBuildConfiguration;
			baseConfigurationReference = 573FACB3839C07CC76985BC2 /* Pods-FourSquareClone.debug.xcconfig */;
			buildSettings = {
				ASSETCATALOG_COMPILER_APPICON_NAME = AppIcon;
				ASSETCATALOG_COMPILER_GLOBAL_ACCENT_COLOR_NAME = AccentColor;
				CODE_SIGN_STYLE = Automatic;
				CURRENT_PROJECT_VERSION = 1;
				GENERATE_INFOPLIST_FILE = YES;
				INFOPLIST_FILE = FourSquareClone/Info.plist;
				INFOPLIST_KEY_UIApplicationSupportsIndirectInputEvents = YES;
				INFOPLIST_KEY_UILaunchStoryboardName = LaunchScreen;
				INFOPLIST_KEY_UIMainStoryboardFile = Main;
				INFOPLIST_KEY_UISupportedInterfaceOrientations_iPad = "UIInterfaceOrientationPortrait UIInterfaceOrientationPortraitUpsideDown UIInterfaceOrientationLandscapeLeft UIInterfaceOrientationLandscapeRight";
				INFOPLIST_KEY_UISupportedInterfaceOrientations_iPhone = "UIInterfaceOrientationPortrait UIInterfaceOrientationLandscapeLeft UIInterfaceOrientationLandscapeRight";
				IPHONEOS_DEPLOYMENT_TARGET = 16.4;
				LD_RUNPATH_SEARCH_PATHS = (
					"$(inherited)",
					"@executable_path/Frameworks",
				);
				MARKETING_VERSION = 1.0;
				PRODUCT_BUNDLE_IDENTIFIER = caganbicakci.FourSquareClone;
				PRODUCT_NAME = "$(TARGET_NAME)";
				SWIFT_EMIT_LOC_STRINGS = YES;
				SWIFT_VERSION = 5.0;
				TARGETED_DEVICE_FAMILY = "1,2";
			};
			name = Debug;
		};
		97D633702AB78AC00066990A /* Release */ = {
			isa = XCBuildConfiguration;
			baseConfigurationReference = CB8B302CA923CE87D7CFA154 /* Pods-FourSquareClone.release.xcconfig */;
			buildSettings = {
				ASSETCATALOG_COMPILER_APPICON_NAME = AppIcon;
				ASSETCATALOG_COMPILER_GLOBAL_ACCENT_COLOR_NAME = AccentColor;
				CODE_SIGN_STYLE = Automatic;
				CURRENT_PROJECT_VERSION = 1;
				GENERATE_INFOPLIST_FILE = YES;
				INFOPLIST_FILE = FourSquareClone/Info.plist;
				INFOPLIST_KEY_UIApplicationSupportsIndirectInputEvents = YES;
				INFOPLIST_KEY_UILaunchStoryboardName = LaunchScreen;
				INFOPLIST_KEY_UIMainStoryboardFile = Main;
				INFOPLIST_KEY_UISupportedInterfaceOrientations_iPad = "UIInterfaceOrientationPortrait UIInterfaceOrientationPortraitUpsideDown UIInterfaceOrientationLandscapeLeft UIInterfaceOrientationLandscapeRight";
				INFOPLIST_KEY_UISupportedInterfaceOrientations_iPhone = "UIInterfaceOrientationPortrait UIInterfaceOrientationLandscapeLeft UIInterfaceOrientationLandscapeRight";
				IPHONEOS_DEPLOYMENT_TARGET = 16.4;
				LD_RUNPATH_SEARCH_PATHS = (
					"$(inherited)",
					"@executable_path/Frameworks",
				);
				MARKETING_VERSION = 1.0;
				PRODUCT_BUNDLE_IDENTIFIER = caganbicakci.FourSquareClone;
				PRODUCT_NAME = "$(TARGET_NAME)";
				SWIFT_EMIT_LOC_STRINGS = YES;
				SWIFT_VERSION = 5.0;
				TARGETED_DEVICE_FAMILY = "1,2";
			};
			name = Release;
		};
/* End XCBuildConfiguration section */

/* Begin XCConfigurationList section */
		97D633552AB78ABF0066990A /* Build configuration list for PBXProject "FourSquareClone" */ = {
			isa = XCConfigurationList;
			buildConfigurations = (
				97D6336C2AB78AC00066990A /* Debug */,
				97D6336D2AB78AC00066990A /* Release */,
			);
			defaultConfigurationIsVisible = 0;
			defaultConfigurationName = Release;
		};
		97D6336E2AB78AC00066990A /* Build configuration list for PBXNativeTarget "FourSquareClone" */ = {
			isa = XCConfigurationList;
			buildConfigurations = (
				97D6336F2AB78AC00066990A /* Debug */,
				97D633702AB78AC00066990A /* Release */,
			);
			defaultConfigurationIsVisible = 0;
			defaultConfigurationName = Release;
		};
/* End XCConfigurationList section */
	};
	rootObject = 97D633522AB78ABF0066990A /* Project object */;
}
